
Microsoft Visual Studio Solution File, Format Version 12.00
Project("{FAE04EC0-301F-11D3-BF4B-00C04F79EFBC}") = "AgroConecta.Presentation", "AgroConecta.Presentation\AgroConecta.Presentation\AgroConecta.Presentation.csproj", "{46017CA1-93C4-4988-BB16-0C0CFD6DE044}"
EndProject
Project("{FAE04EC0-301F-11D3-BF4B-00C04F79EFBC}") = "AgroConecta.Presentation.Client", "AgroConecta.Presentation\AgroConecta.Presentation.Client\AgroConecta.Presentation.Client.csproj", "{FACCDF9E-F19E-469F-B3F6-B6B8889A7B26}"
EndProject
Project("{FAE04EC0-301F-11D3-BF4B-00C04F79EFBC}") = "AgroConecta.Shared", "AgroConecta.Shared\AgroConecta.Shared.csproj", "{A5C1618D-1BEC-4741-BBBF-3AF3860BC6D7}"
EndProject
Project("{FAE04EC0-301F-11D3-BF4B-00C04F79EFBC}") = "AgroConecta.Domain", "AgroConecta.Domain\AgroConecta.Domain.csproj", "{14DDB551-DA4D-4717-BFD5-BA2EA8A7BA6B}"
EndProject
Global
	GlobalSection(SolutionConfigurationPlatforms) = preSolution
		Debug|Any CPU = Debug|Any CPU
		Release|Any CPU = Release|Any CPU
	EndGlobalSection
	GlobalSection(ProjectConfigurationPlatforms) = postSolution
		{46017CA1-93C4-4988-BB16-0C0CFD6DE044}.Debug|Any CPU.ActiveCfg = Debug|Any CPU
		{46017CA1-93C4-4988-BB16-0C0CFD6DE044}.Debug|Any CPU.Build.0 = Debug|Any CPU
		{46017CA1-93C4-4988-BB16-0C0CFD6DE044}.Release|Any CPU.ActiveCfg = Release|Any CPU
		{46017CA1-93C4-4988-BB16-0C0CFD6DE044}.Release|Any CPU.Build.0 = Release|Any CPU
		{FACCDF9E-F19E-469F-B3F6-B6B8889A7B26}.Debug|Any CPU.ActiveCfg = Debug|Any CPU
		{FACCDF9E-F19E-469F-B3F6-B6B8889A7B26}.Debug|Any CPU.Build.0 = Debug|Any CPU
		{FACCDF9E-F19E-469F-B3F6-B6B8889A7B26}.Release|Any CPU.ActiveCfg = Release|Any CPU
		{FACCDF9E-F19E-469F-B3F6-B6B8889A7B26}.Release|Any CPU.Build.0 = Release|Any CPU
		{A5C1618D-1BEC-4741-BBBF-3AF3860BC6D7}.Debug|Any CPU.ActiveCfg = Debug|Any CPU
		{A5C1618D-1BEC-4741-BBBF-3AF3860BC6D7}.Debug|Any CPU.Build.0 = Debug|Any CPU
		{A5C1618D-1BEC-4741-BBBF-3AF3860BC6D7}.Release|Any CPU.ActiveCfg = Release|Any CPU
		{A5C1618D-1BEC-4741-BBBF-3AF3860BC6D7}.Release|Any CPU.Build.0 = Release|Any CPU
		{14DDB551-DA4D-4717-BFD5-BA2EA8A7BA6B}.Debug|Any CPU.ActiveCfg = Debug|Any CPU
		{14DDB551-DA4D-4717-BFD5-BA2EA8A7BA6B}.Debug|Any CPU.Build.0 = Debug|Any CPU
		{14DDB551-DA4D-4717-BFD5-BA2EA8A7BA6B}.Release|Any CPU.ActiveCfg = Release|Any CPU
		{14DDB551-DA4D-4717-BFD5-BA2EA8A7BA6B}.Release|Any CPU.Build.0 = Release|Any CPU
	EndGlobalSection
EndGlobal
